// !$*UTF8*$!
{
	archiveVersion = 1;
	classes = {
	};
	objectVersion = 52;
	objects = {

/* Begin PBXBuildFile section */
		1D265A3425697AB50073C85E /* ReactTracksAppApp.swift in Sources */ = {isa = PBXBuildFile; fileRef = 1D265A3325697AB50073C85E /* ReactTracksAppApp.swift */; };
		1D265A3625697AB50073C85E /* ContentView.swift in Sources */ = {isa = PBXBuildFile; fileRef = 1D265A3525697AB50073C85E /* ContentView.swift */; };
		1D265A3825697AB80073C85E /* Assets.xcassets in Resources */ = {isa = PBXBuildFile; fileRef = 1D265A3725697AB80073C85E /* Assets.xcassets */; };
		1D265A3B25697AB80073C85E /* Preview Assets.xcassets in Resources */ = {isa = PBXBuildFile; fileRef = 1D265A3A25697AB80073C85E /* Preview Assets.xcassets */; };
		1D265A4525697BF50073C85E /* Apollo in Frameworks */ = {isa = PBXBuildFile; productRef = 1D265A4425697BF50073C85E /* Apollo */; };
		1D265A4825697E280073C85E /* schema.json in Resources */ = {isa = PBXBuildFile; fileRef = 1D265A4725697E280073C85E /* schema.json */; };
		1D265A4D25697F230073C85E /* GetTracks.graphql in Resources */ = {isa = PBXBuildFile; fileRef = 1D265A4C25697F230073C85E /* GetTracks.graphql */; };
		1D265A5025697F5F0073C85E /* SetTrack.graphql in Resources */ = {isa = PBXBuildFile; fileRef = 1D265A4F25697F5F0073C85E /* SetTrack.graphql */; };
		1D265A54256980050073C85E /* API.swift in Sources */ = {isa = PBXBuildFile; fileRef = 1D265A53256980050073C85E /* API.swift */; };
		1D265A572569807C0073C85E /* Network.swift in Sources */ = {isa = PBXBuildFile; fileRef = 1D265A562569807C0073C85E /* Network.swift */; };
		1D265A5A2569866C0073C85E /* AddTrack.swift in Sources */ = {isa = PBXBuildFile; fileRef = 1D265A592569866C0073C85E /* AddTrack.swift */; };
/* End PBXBuildFile section */

/* Begin PBXFileReference section */
		1D265A3025697AB50073C85E /* ReactTracksApp.app */ = {isa = PBXFileReference; explicitFileType = wrapper.application; includeInIndex = 0; path = ReactTracksApp.app; sourceTree = BUILT_PRODUCTS_DIR; };
		1D265A3325697AB50073C85E /* ReactTracksAppApp.swift */ = {isa = PBXFileReference; lastKnownFileType = sourcecode.swift; path = ReactTracksAppApp.swift; sourceTree = "<group>"; };
		1D265A3525697AB50073C85E /* ContentView.swift */ = {isa = PBXFileReference; lastKnownFileType = sourcecode.swift; path = ContentView.swift; sourceTree = "<group>"; };
		1D265A3725697AB80073C85E /* Assets.xcassets */ = {isa = PBXFileReference; lastKnownFileType = folder.assetcatalog; path = Assets.xcassets; sourceTree = "<group>"; };
		1D265A3A25697AB80073C85E /* Preview Assets.xcassets */ = {isa = PBXFileReference; lastKnownFileType = folder.assetcatalog; path = "Preview Assets.xcassets"; sourceTree = "<group>"; };
		1D265A3C25697AB80073C85E /* Info.plist */ = {isa = PBXFileReference; lastKnownFileType = text.plist.xml; path = Info.plist; sourceTree = "<group>"; };
		1D265A4725697E280073C85E /* schema.json */ = {isa = PBXFileReference; fileEncoding = 4; lastKnownFileType = text.json; path = schema.json; sourceTree = "<group>"; };
		1D265A4C25697F230073C85E /* GetTracks.graphql */ = {isa = PBXFileReference; lastKnownFileType = text; path = GetTracks.graphql; sourceTree = "<group>"; };
		1D265A4F25697F5F0073C85E /* SetTrack.graphql */ = {isa = PBXFileReference; lastKnownFileType = text; path = SetTrack.graphql; sourceTree = "<group>"; };
		1D265A53256980050073C85E /* API.swift */ = {isa = PBXFileReference; fileEncoding = 4; lastKnownFileType = sourcecode.swift; name = API.swift; path = ReactTracksApp/API.swift; sourceTree = SOURCE_ROOT; };
		1D265A562569807C0073C85E /* Network.swift */ = {isa = PBXFileReference; lastKnownFileType = sourcecode.swift; path = Network.swift; sourceTree = "<group>"; };
		1D265A592569866C0073C85E /* AddTrack.swift */ = {isa = PBXFileReference; lastKnownFileType = sourcecode.swift; path = AddTrack.swift; sourceTree = "<group>"; };
/* End PBXFileReference section */

/* Begin PBXFrameworksBuildPhase section */
		1D265A2D25697AB50073C85E /* Frameworks */ = {
			isa = PBXFrameworksBuildPhase;
			buildActionMask = 2147483647;
			files = (
				1D265A4525697BF50073C85E /* Apollo in Frameworks */,
			);
			runOnlyForDeploymentPostprocessing = 0;
		};
/* End PBXFrameworksBuildPhase section */

/* Begin PBXGroup section */
		1D265A2725697AB50073C85E = {
			isa = PBXGroup;
			children = (
				1D265A3225697AB50073C85E /* ReactTracksApp */,
				1D265A3125697AB50073C85E /* Products */,
			);
			sourceTree = "<group>";
		};
		1D265A3125697AB50073C85E /* Products */ = {
			isa = PBXGroup;
			children = (
				1D265A3025697AB50073C85E /* ReactTracksApp.app */,
			);
			name = Products;
			sourceTree = "<group>";
		};
		1D265A3225697AB50073C85E /* ReactTracksApp */ = {
			isa = PBXGroup;
			children = (
				1D265A4B25697EF80073C85E /* GraphQL */,
				1D265A4725697E280073C85E /* schema.json */,
				1D265A3325697AB50073C85E /* ReactTracksAppApp.swift */,
				1D265A3525697AB50073C85E /* ContentView.swift */,
				1D265A592569866C0073C85E /* AddTrack.swift */,
				1D265A3725697AB80073C85E /* Assets.xcassets */,
				1D265A3C25697AB80073C85E /* Info.plist */,
				1D265A3925697AB80073C85E /* Preview Content */,
			);
			path = ReactTracksApp;
			sourceTree = "<group>";
		};
		1D265A3925697AB80073C85E /* Preview Content */ = {
			isa = PBXGroup;
			children = (
				1D265A3A25697AB80073C85E /* Preview Assets.xcassets */,
			);
			path = "Preview Content";
			sourceTree = "<group>";
		};
		1D265A4B25697EF80073C85E /* GraphQL */ = {
			isa = PBXGroup;
			children = (
				1D265A53256980050073C85E /* API.swift */,
				1D265A4C25697F230073C85E /* GetTracks.graphql */,
				1D265A4F25697F5F0073C85E /* SetTrack.graphql */,
				1D265A562569807C0073C85E /* Network.swift */,
			);
			path = GraphQL;
			sourceTree = "<group>";
		};
/* End PBXGroup section */

/* Begin PBXNativeTarget section */
		1D265A2F25697AB50073C85E /* ReactTracksApp */ = {
			isa = PBXNativeTarget;
			buildConfigurationList = 1D265A3F25697AB80073C85E /* Build configuration list for PBXNativeTarget "ReactTracksApp" */;
			buildPhases = (
				1D265A4A25697EA90073C85E /* Generate Apollo GraphQL API */,
				1D265A2C25697AB50073C85E /* Sources */,
				1D265A2D25697AB50073C85E /* Frameworks */,
				1D265A2E25697AB50073C85E /* Resources */,
			);
			buildRules = (
			);
			dependencies = (
			);
			name = ReactTracksApp;
			packageProductDependencies = (
				1D265A4425697BF50073C85E /* Apollo */,
			);
			productName = ReactTracksApp;
			productReference = 1D265A3025697AB50073C85E /* ReactTracksApp.app */;
			productType = "com.apple.product-type.application";
		};
/* End PBXNativeTarget section */

/* Begin PBXProject section */
		1D265A2825697AB50073C85E /* Project object */ = {
			isa = PBXProject;
			attributes = {
				LastSwiftUpdateCheck = 1220;
				LastUpgradeCheck = 1220;
				TargetAttributes = {
					1D265A2F25697AB50073C85E = {
						CreatedOnToolsVersion = 12.2;
					};
				};
			};
			buildConfigurationList = 1D265A2B25697AB50073C85E /* Build configuration list for PBXProject "ReactTracksApp" */;
			compatibilityVersion = "Xcode 9.3";
			developmentRegion = en;
			hasScannedForEncodings = 0;
			knownRegions = (
				en,
				Base,
			);
			mainGroup = 1D265A2725697AB50073C85E;
			packageReferences = (
				1D265A4325697BF50073C85E /* XCRemoteSwiftPackageReference "apollo-ios" */,
			);
			productRefGroup = 1D265A3125697AB50073C85E /* Products */;
			projectDirPath = "";
			projectRoot = "";
			targets = (
				1D265A2F25697AB50073C85E /* ReactTracksApp */,
			);
		};
/* End PBXProject section */

/* Begin PBXResourcesBuildPhase section */
		1D265A2E25697AB50073C85E /* Resources */ = {
			isa = PBXResourcesBuildPhase;
			buildActionMask = 2147483647;
			files = (
				1D265A3B25697AB80073C85E /* Preview Assets.xcassets in Resources */,
				1D265A4825697E280073C85E /* schema.json in Resources */,
				1D265A4D25697F230073C85E /* GetTracks.graphql in Resources */,
				1D265A3825697AB80073C85E /* Assets.xcassets in Resources */,
				1D265A5025697F5F0073C85E /* SetTrack.graphql in Resources */,
			);
			runOnlyForDeploymentPostprocessing = 0;
		};
/* End PBXResourcesBuildPhase section */

/* Begin PBXShellScriptBuildPhase section */
		1D265A4A25697EA90073C85E /* Generate Apollo GraphQL API */ = {
			isa = PBXShellScriptBuildPhase;
			buildActionMask = 2147483647;
			files = (
			);
			inputFileListPaths = (
			);
			inputPaths = (
			);
			name = "Generate Apollo GraphQL API";
			outputFileListPaths = (
			);
			outputPaths = (
			);
			runOnlyForDeploymentPostprocessing = 0;
			shellPath = /bin/sh;
			shellScript = "# Go to the build root and search up the chain to find the Derived Data Path where the source packages are checked out.\nDERIVED_DATA_CANDIDATE=\"${BUILD_ROOT}\"\n\nwhile ! [ -d \"${DERIVED_DATA_CANDIDATE}/SourcePackages\" ]; do\n  if [ \"${DERIVED_DATA_CANDIDATE}\" = / ]; then\n    echo >&2 \"error: Unable to locate SourcePackages directory from BUILD_ROOT: '${BUILD_ROOT}'\"\n    exit 1\n  fi\n\n  DERIVED_DATA_CANDIDATE=\"$(dirname \"${DERIVED_DATA_CANDIDATE}\")\"\ndone\n\n# Grab a reference to the directory where scripts are checked out\nSCRIPT_PATH=\"${DERIVED_DATA_CANDIDATE}/SourcePackages/checkouts/apollo-ios/scripts\"\n\nif [ -z \"${SCRIPT_PATH}\" ]; then\n    echo >&2 \"error: Couldn't find the CLI script in your checked out SPM packages; make sure to add the framework to your project.\"\n    exit 1\nfi\n\ncd \"${SRCROOT}/${TARGET_NAME}\"\n\"${SCRIPT_PATH}\"/run-bundled-codegen.sh codegen:generate --target=swift --includes=./**/*.graphql --localSchemaFile=\"schema.json\" API.swift\n\n\n";
		};
/* End PBXShellScriptBuildPhase section */

/* Begin PBXSourcesBuildPhase section */
		1D265A2C25697AB50073C85E /* Sources */ = {
			isa = PBXSourcesBuildPhase;
			buildActionMask = 2147483647;
			files = (
				1D265A3625697AB50073C85E /* ContentView.swift in Sources */,
				1D265A5A2569866C0073C85E /* AddTrack.swift in Sources */,
				1D265A54256980050073C85E /* API.swift in Sources */,
				1D265A572569807C0073C85E /* Network.swift in Sources */,
				1D265A3425697AB50073C85E /* ReactTracksAppApp.swift in Sources */,
			);
			runOnlyForDeploymentPostprocessing = 0;
		};
/* End PBXSourcesBuildPhase section */

/* Begin XCBuildConfiguration section */
		1D265A3D25697AB80073C85E /* Debug */ = {
			isa = XCBuildConfiguration;
			buildSettings = {
				ALWAYS_SEARCH_USER_PATHS = NO;
				CLANG_ANALYZER_NONNULL = YES;
				CLANG_ANALYZER_NUMBER_OBJECT_CONVERSION = YES_AGGRESSIVE;
				CLANG_CXX_LANGUAGE_STANDARD = "gnu++14";
				CLANG_CXX_LIBRARY = "libc++";
				CLANG_ENABLE_MODULES = YES;
				CLANG_ENABLE_OBJC_ARC = YES;
				CLANG_ENABLE_OBJC_WEAK = YES;
				CLANG_WARN_BLOCK_CAPTURE_AUTORELEASING = YES;
				CLANG_WARN_BOOL_CONVERSION = YES;
				CLANG_WARN_COMMA = YES;
				CLANG_WARN_CONSTANT_CONVERSION = YES;
				CLANG_WARN_DEPRECATED_OBJC_IMPLEMENTATIONS = YES;
				CLANG_WARN_DIRECT_OBJC_ISA_USAGE = YES_ERROR;
				CLANG_WARN_DOCUMENTATION_COMMENTS = YES;
				CLANG_WARN_EMPTY_BODY = YES;
				CLANG_WARN_ENUM_CONVERSION = YES;
				CLANG_WARN_INFINITE_RECURSION = YES;
				CLANG_WARN_INT_CONVERSION = YES;
				CLANG_WARN_NON_LITERAL_NULL_CONVERSION = YES;
				CLANG_WARN_OBJC_IMPLICIT_RETAIN_SELF = YES;
				CLANG_WARN_OBJC_LITERAL_CONVERSION = YES;
				CLANG_WARN_OBJC_ROOT_CLASS = YES_ERROR;
				CLANG_WARN_QUOTED_INCLUDE_IN_FRAMEWORK_HEADER = YES;
				CLANG_WARN_RANGE_LOOP_ANALYSIS = YES;
				CLANG_WARN_STRICT_PROTOTYPES = YES;
				CLANG_WARN_SUSPICIOUS_MOVE = YES;
				CLANG_WARN_UNGUARDED_AVAILABILITY = YES_AGGRESSIVE;
				CLANG_WARN_UNREACHABLE_CODE = YES;
				CLANG_WARN__DUPLICATE_METHOD_MATCH = YES;
				COPY_PHASE_STRIP = NO;
				DEBUG_INFORMATION_FORMAT = dwarf;
				ENABLE_STRICT_OBJC_MSGSEND = YES;
				ENABLE_TESTABILITY = YES;
				GCC_C_LANGUAGE_STANDARD = gnu11;
				GCC_DYNAMIC_NO_PIC = NO;
				GCC_NO_COMMON_BLOCKS = YES;
				GCC_OPTIMIZATION_LEVEL = 0;
				GCC_PREPROCESSOR_DEFINITIONS = (
					"DEBUG=1",
					"$(inherited)",
				);
				GCC_WARN_64_TO_32_BIT_CONVERSION = YES;
				GCC_WARN_ABOUT_RETURN_TYPE = YES_ERROR;
				GCC_WARN_UNDECLARED_SELECTOR = YES;
				GCC_WARN_UNINITIALIZED_AUTOS = YES_AGGRESSIVE;
				GCC_WARN_UNUSED_FUNCTION = YES;
				GCC_WARN_UNUSED_VARIABLE = YES;
				IPHONEOS_DEPLOYMENT_TARGET = 14.2;
				MTL_ENABLE_DEBUG_INFO = INCLUDE_SOURCE;
				MTL_FAST_MATH = YES;
				ONLY_ACTIVE_ARCH = YES;
				SDKROOT = iphoneos;
				SWIFT_ACTIVE_COMPILATION_CONDITIONS = DEBUG;
				SWIFT_OPTIMIZATION_LEVEL = "-Onone";
			};
			name = Debug;
		};
		1D265A3E25697AB80073C85E /* Release */ = {
			isa = XCBuildConfiguration;
			buildSettings = {
				ALWAYS_SEARCH_USER_PATHS = NO;
				CLANG_ANALYZER_NONNULL = YES;
				CLANG_ANALYZER_NUMBER_OBJECT_CONVERSION = YES_AGGRESSIVE;
				CLANG_CXX_LANGUAGE_STANDARD = "gnu++14";
				CLANG_CXX_LIBRARY = "libc++";
				CLANG_ENABLE_MODULES = YES;
				CLANG_ENABLE_OBJC_ARC = YES;
				CLANG_ENABLE_OBJC_WEAK = YES;
				CLANG_WARN_BLOCK_CAPTURE_AUTORELEASING = YES;
				CLANG_WARN_BOOL_CONVERSION = YES;
				CLANG_WARN_COMMA = YES;
				CLANG_WARN_CONSTANT_CONVERSION = YES;
				CLANG_WARN_DEPRECATED_OBJC_IMPLEMENTATIONS = YES;
				CLANG_WARN_DIRECT_OBJC_ISA_USAGE = YES_ERROR;
				CLANG_WARN_DOCUMENTATION_COMMENTS = YES;
				CLANG_WARN_EMPTY_BODY = YES;
				CLANG_WARN_ENUM_CONVERSION = YES;
				CLANG_WARN_INFINITE_RECURSION = YES;
				CLANG_WARN_INT_CONVERSION = YES;
				CLANG_WARN_NON_LITERAL_NULL_CONVERSION = YES;
				CLANG_WARN_OBJC_IMPLICIT_RETAIN_SELF = YES;
				CLANG_WARN_OBJC_LITERAL_CONVERSION = YES;
				CLANG_WARN_OBJC_ROOT_CLASS = YES_ERROR;
				CLANG_WARN_QUOTED_INCLUDE_IN_FRAMEWORK_HEADER = YES;
				CLANG_WARN_RANGE_LOOP_ANALYSIS = YES;
				CLANG_WARN_STRICT_PROTOTYPES = YES;
				CLANG_WARN_SUSPICIOUS_MOVE = YES;
				CLANG_WARN_UNGUARDED_AVAILABILITY = YES_AGGRESSIVE;
				CLANG_WARN_UNREACHABLE_CODE = YES;
				CLANG_WARN__DUPLICATE_METHOD_MATCH = YES;
				COPY_PHASE_STRIP = NO;
				DEBUG_INFORMATION_FORMAT = "dwarf-with-dsym";
				ENABLE_NS_ASSERTIONS = NO;
				ENABLE_STRICT_OBJC_MSGSEND = YES;
				GCC_C_LANGUAGE_STANDARD = gnu11;
				GCC_NO_COMMON_BLOCKS = YES;
				GCC_WARN_64_TO_32_BIT_CONVERSION = YES;
				GCC_WARN_ABOUT_RETURN_TYPE = YES_ERROR;
				GCC_WARN_UNDECLARED_SELECTOR = YES;
				GCC_WARN_UNINITIALIZED_AUTOS = YES_AGGRESSIVE;
				GCC_WARN_UNUSED_FUNCTION = YES;
				GCC_WARN_UNUSED_VARIABLE = YES;
				IPHONEOS_DEPLOYMENT_TARGET = 14.2;
				MTL_ENABLE_DEBUG_INFO = NO;
				MTL_FAST_MATH = YES;
				SDKROOT = iphoneos;
				SWIFT_COMPILATION_MODE = wholemodule;
				SWIFT_OPTIMIZATION_LEVEL = "-O";
				VALIDATE_PRODUCT = YES;
			};
			name = Release;
		};
		1D265A4025697AB80073C85E /* Debug */ = {
			isa = XCBuildConfiguration;
			buildSettings = {
				ASSETCATALOG_COMPILER_APPICON_NAME = AppIcon;
				ASSETCATALOG_COMPILER_GLOBAL_ACCENT_COLOR_NAME = AccentColor;
				CODE_SIGN_STYLE = Automatic;
				DEVELOPMENT_ASSET_PATHS = "\"ReactTracksApp/Preview Content\"";
				ENABLE_PREVIEWS = YES;
				INFOPLIST_FILE = ReactTracksApp/Info.plist;
				IPHONEOS_DEPLOYMENT_TARGET = 14.0;
				LD_RUNPATH_SEARCH_PATHS = (
					"$(inherited)",
					"@executable_path/Frameworks",
				);
				PRODUCT_BUNDLE_IDENTIFIER = com.ri.ReactTracksApp;
				PRODUCT_NAME = "$(TARGET_NAME)";
				SWIFT_VERSION = 5.0;
				TARGETED_DEVICE_FAMILY = "1,2";
			};
			name = Debug;
		};
		1D265A4125697AB80073C85E /* Release */ = {
			isa = XCBuildConfiguration;
			buildSettings = {
				ASSETCATALOG_COMPILER_APPICON_NAME = AppIcon;
				ASSETCATALOG_COMPILER_GLOBAL_ACCENT_COLOR_NAME = AccentColor;
				CODE_SIGN_STYLE = Automatic;
				DEVELOPMENT_ASSET_PATHS = "\"ReactTracksApp/Preview Content\"";
				ENABLE_PREVIEWS = YES;
				INFOPLIST_FILE = ReactTracksApp/Info.plist;
				IPHONEOS_DEPLOYMENT_TARGET = 14.0;
				LD_RUNPATH_SEARCH_PATHS = (
					"$(inherited)",
					"@executable_path/Frameworks",
				);
				PRODUCT_BUNDLE_IDENTIFIER = com.ri.ReactTracksApp;
				PRODUCT_NAME = "$(TARGET_NAME)";
				SWIFT_VERSION = 5.0;
				TARGETED_DEVICE_FAMILY = "1,2";
			};
			name = Release;
		};
/* End XCBuildConfiguration section */

/* Begin XCConfigurationList section */
		1D265A2B25697AB50073C85E /* Build configuration list for PBXProject "ReactTracksApp" */ = {
			isa = XCConfigurationList;
			buildConfigurations = (
				1D265A3D25697AB80073C85E /* Debug */,
				1D265A3E25697AB80073C85E /* Release */,
			);
			defaultConfigurationIsVisible = 0;
			defaultConfigurationName = Release;
		};
		1D265A3F25697AB80073C85E /* Build configuration list for PBXNativeTarget "ReactTracksApp" */ = {
			isa = XCConfigurationList;
			buildConfigurations = (
				1D265A4025697AB80073C85E /* Debug */,
				1D265A4125697AB80073C85E /* Release */,
			);
			defaultConfigurationIsVisible = 0;
			defaultConfigurationName = Release;
		};
/* End XCConfigurationList section */

/* Begin XCRemoteSwiftPackageReference section */
		1D265A4325697BF50073C85E /* XCRemoteSwiftPackageReference "apollo-ios" */ = {
			isa = XCRemoteSwiftPackageReference;
			repositoryURL = "https://github.com/apollographql/apollo-ios.git";
			requirement = {
				kind = upToNextMajorVersion;
				minimumVersion = 0.37.0;
			};
		};
/* End XCRemoteSwiftPackageReference section */

/* Begin XCSwiftPackageProductDependency section */
		1D265A4425697BF50073C85E /* Apollo */ = {
			isa = XCSwiftPackageProductDependency;
			package = 1D265A4325697BF50073C85E /* XCRemoteSwiftPackageReference "apollo-ios" */;
			productName = Apollo;
		};
/* End XCSwiftPackageProductDependency section */
	};
	rootObject = 1D265A2825697AB50073C85E /* Project object */;
}
